{
  "name": "Eason Tutoring",
  "lockfileVersion": 2,
  "requires": true,
  "packages": {
    "": {
      "dependencies": {
        "@mystroken/drag": "^0.2.0",
        "lax.js": "^2.0.3",
        "parallax-js": "^3.1.0",
        "parallaxjs": "^2.1.0",
        "sal.js": "^0.8.5",
        "simple-parallax-js": "^5.6.2",
        "tiny-slider": "^2.9.4",
        "uniq": "^1.0.1"
      }
    },
    "node_modules/@mystroken/drag": {
      "version": "0.2.0",
      "resolved": "https://registry.npmjs.org/@mystroken/drag/-/drag-0.2.0.tgz",
      "integrity": "sha512-jvlK+EUtCRpTeUTnIn2WB9Dc4zB1GorcuX1/LsmoXgYTJ/vk6FCSVDsIbC2oAb8Qwrh4IVq+EasB+CsVHXHSRQ=="
    },
    "node_modules/clamp": {
      "version": "1.0.1",
      "resolved": "https://registry.npmjs.org/clamp/-/clamp-1.0.1.tgz",
      "integrity": "sha1-ZqDmQBGBbjcZaCj9yMjBRzEshjQ="
    },
    "node_modules/lax.js": {
      "version": "2.0.3",
      "resolved": "https://registry.npmjs.org/lax.js/-/lax.js-2.0.3.tgz",
      "integrity": "sha512-q2q0jVRwruvFdQZeeE3OwIszRIkey6CItPmB+BcTUFPgHd2R8LI+bntAI7d2GJEjheu79mzQ++MROkODuZoXlA=="
    },
    "node_modules/object-assign": {
      "version": "4.1.1",
      "resolved": "https://registry.npmjs.org/object-assign/-/object-assign-4.1.1.tgz",
      "integrity": "sha1-IQmtx5ZYh8/AXLvUQsrIv7s2CGM=",
      "engines": {
        "node": ">=0.10.0"
      }
    },
    "node_modules/parallax-js": {
      "version": "3.1.0",
      "resolved": "https://registry.npmjs.org/parallax-js/-/parallax-js-3.1.0.tgz",
      "integrity": "sha512-UONoPKSQykeNvFcemDPxYYDU/T89LSffoaZAwOMhDp0ABhmFPwthgn2GrfB7An9Qo+8nPZIuQeZsh2pWn1qN3A==",
      "dependencies": {
        "object-assign": "^4.1.1",
        "raf": "^3.3.0"
      }
    },
    "node_modules/parallaxjs": {
      "version": "2.1.0",
      "resolved": "https://registry.npmjs.org/parallaxjs/-/parallaxjs-2.1.0.tgz",
      "integrity": "sha512-Y3tsbkeR1pOpsx7IpJR1PSvhe5gWWM470GkNA9oc1W+r5+MthH7t7yJTqsX1OvoRCk4XwxUAFpNNKfjDJ4yZYg==",
      "funding": [
        {
          "type": "individual",
          "url": "https://paypal.me/dmnsgn"
        },
        {
          "type": "individual",
          "url": "https://commerce.coinbase.com/checkout/56cbdf28-e323-48d8-9c98-7019e72c97f3"
        }
      ],
      "dependencies": {
        "clamp": "^1.0.1",
        "prefix-style": "^2.0.1"
      },
      "engines": {
        "node": ">=15.0.0",
        "npm": ">=7.0.0"
      }
    },
    "node_modules/performance-now": {
      "version": "2.1.0",
      "resolved": "https://registry.npmjs.org/performance-now/-/performance-now-2.1.0.tgz",
      "integrity": "sha1-Ywn04OX6kT7BxpMHrjZLSzd8nns="
    },
    "node_modules/prefix-style": {
      "version": "2.0.1",
      "resolved": "https://registry.npmjs.org/prefix-style/-/prefix-style-2.0.1.tgz",
      "integrity": "sha1-ZrupqHDP2jCKXcIOhekSCTLJWgY="
    },
    "node_modules/raf": {
      "version": "3.4.1",
      "resolved": "https://registry.npmjs.org/raf/-/raf-3.4.1.tgz",
      "integrity": "sha512-Sq4CW4QhwOHE8ucn6J34MqtZCeWFP2aQSmrlroYgqAV1PjStIhJXxYuTgUIfkEk7zTLjmIjLmU5q+fbD1NnOJA==",
      "dependencies": {
        "performance-now": "^2.1.0"
      }
    },
    "node_modules/sal.js": {
      "version": "0.8.5",
      "resolved": "https://registry.npmjs.org/sal.js/-/sal.js-0.8.5.tgz",
      "integrity": "sha512-KUb3fNrVZ1oWxxkEAfQfQ4Mrd910yboIRHqsvioBkulQInqMVeSMah+J5f7ch7KXFLicKlAaE0TzTsG/eJ02Dg==",
      "engines": {
        "node": ">=12.0.0"
      }
    },
    "node_modules/simple-parallax-js": {
      "version": "5.6.2",
      "resolved": "https://registry.npmjs.org/simple-parallax-js/-/simple-parallax-js-5.6.2.tgz",
      "integrity": "sha512-qJPZgg37BstDyvNqONU1YffiJ9P5n4B9IPl5h3kzZ2oEinTRwy1syxfEwTMLXYFHAFCRWXUcWD8yBnVcp8nxdA=="
    },
    "node_modules/tiny-slider": {
      "version": "2.9.4",
      "resolved": "https://registry.npmjs.org/tiny-slider/-/tiny-slider-2.9.4.tgz",
      "integrity": "sha512-LAs2kldWcY+BqCKw4kxd4CMx2RhWrHyEePEsymlOIISTlOVkjfK40sSD7ay73eKXBLg/UkluAZpcfCstimHXew=="
    },
    "node_modules/uniq": {
      "version": "1.0.1",
      "resolved": "https://registry.npmjs.org/uniq/-/uniq-1.0.1.tgz",
      "integrity": "sha1-sxxa6CVIRKOoKBVBzisEuGWnNP8="
    }
  },
  "dependencies": {
    "@mystroken/drag": {
      "version": "0.2.0",
      "resolved": "https://registry.npmjs.org/@mystroken/drag/-/drag-0.2.0.tgz",
      "integrity": "sha512-jvlK+EUtCRpTeUTnIn2WB9Dc4zB1GorcuX1/LsmoXgYTJ/vk6FCSVDsIbC2oAb8Qwrh4IVq+EasB+CsVHXHSRQ=="
    },
    "clamp": {
      "version": "1.0.1",
      "resolved": "https://registry.npmjs.org/clamp/-/clamp-1.0.1.tgz",
      "integrity": "sha1-ZqDmQBGBbjcZaCj9yMjBRzEshjQ="
    },
    "lax.js": {
      "version": "2.0.3",
      "resolved": "https://registry.npmjs.org/lax.js/-/lax.js-2.0.3.tgz",
      "integrity": "sha512-q2q0jVRwruvFdQZeeE3OwIszRIkey6CItPmB+BcTUFPgHd2R8LI+bntAI7d2GJEjheu79mzQ++MROkODuZoXlA=="
    },
    "object-assign": {
      "version": "4.1.1",
      "resolved": "https://registry.npmjs.org/object-assign/-/object-assign-4.1.1.tgz",
      "integrity": "sha1-IQmtx5ZYh8/AXLvUQsrIv7s2CGM="
    },
    "parallax-js": {
      "version": "3.1.0",
      "resolved": "https://registry.npmjs.org/parallax-js/-/parallax-js-3.1.0.tgz",
      "integrity": "sha512-UONoPKSQykeNvFcemDPxYYDU/T89LSffoaZAwOMhDp0ABhmFPwthgn2GrfB7An9Qo+8nPZIuQeZsh2pWn1qN3A==",
      "requires": {
        "object-assign": "^4.1.1",
        "raf": "^3.3.0"
      }
    },
    "parallaxjs": {
      "version": "2.1.0",
      "resolved": "https://registry.npmjs.org/parallaxjs/-/parallaxjs-2.1.0.tgz",
      "integrity": "sha512-Y3tsbkeR1pOpsx7IpJR1PSvhe5gWWM470GkNA9oc1W+r5+MthH7t7yJTqsX1OvoRCk4XwxUAFpNNKfjDJ4yZYg==",
      "requires": {
        "clamp": "^1.0.1",
        "prefix-style": "^2.0.1"
      }
    },
    "performance-now": {
      "version": "2.1.0",
      "resolved": "https://registry.npmjs.org/performance-now/-/performance-now-2.1.0.tgz",
      "integrity": "sha1-Ywn04OX6kT7BxpMHrjZLSzd8nns="
    },
    "prefix-style": {
      "version": "2.0.1",
      "resolved": "https://registry.npmjs.org/prefix-style/-/prefix-style-2.0.1.tgz",
      "integrity": "sha1-ZrupqHDP2jCKXcIOhekSCTLJWgY="
    },
    "raf": {
      "version": "3.4.1",
      "resolved": "https://registry.npmjs.org/raf/-/raf-3.4.1.tgz",
      "integrity": "sha512-Sq4CW4QhwOHE8ucn6J34MqtZCeWFP2aQSmrlroYgqAV1PjStIhJXxYuTgUIfkEk7zTLjmIjLmU5q+fbD1NnOJA==",
      "requires": {
        "performance-now": "^2.1.0"
      }
    },
    "sal.js": {
      "version": "0.8.5",
      "resolved": "https://registry.npmjs.org/sal.js/-/sal.js-0.8.5.tgz",
      "integrity": "sha512-KUb3fNrVZ1oWxxkEAfQfQ4Mrd910yboIRHqsvioBkulQInqMVeSMah+J5f7ch7KXFLicKlAaE0TzTsG/eJ02Dg=="
    },
    "simple-parallax-js": {
      "version": "5.6.2",
      "resolved": "https://registry.npmjs.org/simple-parallax-js/-/simple-parallax-js-5.6.2.tgz",
      "integrity": "sha512-qJPZgg37BstDyvNqONU1YffiJ9P5n4B9IPl5h3kzZ2oEinTRwy1syxfEwTMLXYFHAFCRWXUcWD8yBnVcp8nxdA=="
    },
    "tiny-slider": {
      "version": "2.9.4",
      "resolved": "https://registry.npmjs.org/tiny-slider/-/tiny-slider-2.9.4.tgz",
      "integrity": "sha512-LAs2kldWcY+BqCKw4kxd4CMx2RhWrHyEePEsymlOIISTlOVkjfK40sSD7ay73eKXBLg/UkluAZpcfCstimHXew=="
    },
    "uniq": {
      "version": "1.0.1",
      "resolved": "https://registry.npmjs.org/uniq/-/uniq-1.0.1.tgz",
      "integrity": "sha1-sxxa6CVIRKOoKBVBzisEuGWnNP8="
    }
  }
}
